
Microsoft Visual Studio Solution File, Format Version 12.00
# Visual Studio Version 16
VisualStudioVersion = 16.0.29306.81
MinimumVisualStudioVersion = 10.0.40219.1
Project("{9A19103F-16F7-4668-BE54-9A1E7A4F7556}") = "StrategyDesignPattern", "StrategyDesignPattern.csproj", "{FC573CEA-3B0B-42FF-A3E1-ACA521846D6A}"
EndProject
Global
	GlobalSection(SolutionConfigurationPlatforms) = preSolution
		Debug|Any CPU = Debug|Any CPU
		Release|Any CPU = Release|Any CPU
	EndGlobalSection
	GlobalSection(ProjectConfigurationPlatforms) = postSolution
		{FC573CEA-3B0B-42FF-A3E1-ACA521846D6A}.Debug|Any CPU.ActiveCfg = Debug|Any CPU
		{FC573CEA-3B0B-42FF-A3E1-ACA521846D6A}.Debug|Any CPU.Build.0 = Debug|Any CPU
		{FC573CEA-3B0B-42FF-A3E1-ACA521846D6A}.Release|Any CPU.ActiveCfg = Release|Any CPU
		{FC573CEA-3B0B-42FF-A3E1-ACA521846D6A}.Release|Any CPU.Build.0 = Release|Any CPU
	EndGlobalSection
	GlobalSection(SolutionProperties) = preSolution
		HideSolutionNode = FALSE
	EndGlobalSection
	GlobalSection(ExtensibilityGlobals) = postSolution
		SolutionGuid = {7F241017-5BAC-4DBB-9600-8BEF974F5578}
	EndGlobalSection
EndGlobal
